
Microsoft Visual Studio Solution File, Format Version 12.00
# Visual Studio Version 16
VisualStudioVersion = 16.0.30717.126
MinimumVisualStudioVersion = 10.0.40219.1
Project("{9A19103F-16F7-4668-BE54-9A1E7A4F7556}") = "Serviced", "Serviced\Serviced.csproj", "{C7DEE85A-7E20-4EEF-824B-1E7AAFB80010}"
EndProject
Project("{9A19103F-16F7-4668-BE54-9A1E7A4F7556}") = "Serviced.Sample", "Serviced.Sample\Serviced.Sample.csproj", "{A7D49E9B-EFFF-4479-9E64-C2D6656BDE4F}"
EndProject
Global
	GlobalSection(SolutionConfigurationPlatforms) = preSolution
		Debug|Any CPU = Debug|Any CPU
		Release|Any CPU = Release|Any CPU
	EndGlobalSection
	GlobalSection(ProjectConfigurationPlatforms) = postSolution
		{C7DEE85A-7E20-4EEF-824B-1E7AAFB80010}.Debug|Any CPU.ActiveCfg = Debug|Any CPU
		{C7DEE85A-7E20-4EEF-824B-1E7AAFB80010}.Debug|Any CPU.Build.0 = Debug|Any CPU
		{C7DEE85A-7E20-4EEF-824B-1E7AAFB80010}.Release|Any CPU.ActiveCfg = Release|Any CPU
		{C7DEE85A-7E20-4EEF-824B-1E7AAFB80010}.Release|Any CPU.Build.0 = Release|Any CPU
		{A7D49E9B-EFFF-4479-9E64-C2D6656BDE4F}.Debug|Any CPU.ActiveCfg = Debug|Any CPU
		{A7D49E9B-EFFF-4479-9E64-C2D6656BDE4F}.Debug|Any CPU.Build.0 = Debug|Any CPU
		{A7D49E9B-EFFF-4479-9E64-C2D6656BDE4F}.Release|Any CPU.ActiveCfg = Release|Any CPU
		{A7D49E9B-EFFF-4479-9E64-C2D6656BDE4F}.Release|Any CPU.Build.0 = Release|Any CPU
	EndGlobalSection
	GlobalSection(SolutionProperties) = preSolution
		HideSolutionNode = FALSE
	EndGlobalSection
	GlobalSection(ExtensibilityGlobals) = postSolution
		SolutionGuid = {BE0327C0-1F08-4695-877A-B94AF654705F}
	EndGlobalSection
EndGlobal
